
Microsoft Visual Studio Solution File, Format Version 12.00
# Visual Studio 15
VisualStudioVersion = 15.0.27428.2011
MinimumVisualStudioVersion = 10.0.40219.1
Project("{FAE04EC0-301F-11D3-BF4B-00C04F79EFBC}") = "TestRegEx", "TestRegEx\TestRegEx.csproj", "{29579E64-619F-428B-873B-5FC5165B5E7C}"
EndProject
Global
	GlobalSection(SolutionConfigurationPlatforms) = preSolution
		Debug|Any CPU = Debug|Any CPU
		Release|Any CPU = Release|Any CPU
	EndGlobalSection
	GlobalSection(ProjectConfigurationPlatforms) = postSolution
		{29579E64-619F-428B-873B-5FC5165B5E7C}.Debug|Any CPU.ActiveCfg = Debug|Any CPU
		{29579E64-619F-428B-873B-5FC5165B5E7C}.Debug|Any CPU.Build.0 = Debug|Any CPU
		{29579E64-619F-428B-873B-5FC5165B5E7C}.Release|Any CPU.ActiveCfg = Release|Any CPU
		{29579E64-619F-428B-873B-5FC5165B5E7C}.Release|Any CPU.Build.0 = Release|Any CPU
	EndGlobalSection
	GlobalSection(SolutionProperties) = preSolution
		HideSolutionNode = FALSE
	EndGlobalSection
	GlobalSection(ExtensibilityGlobals) = postSolution
		SolutionGuid = {4FD0AEC4-4C4D-4B2C-813C-2DD63C9E1110}
	EndGlobalSection
EndGlobal
